// !$*UTF8*$!
{
	archiveVersion = 1;
	classes = {
	};
	objectVersion = 50;
	objects = {

/* Begin PBXBuildFile section */
		920443C722347E9600F188D5 /* SidebarItem.swift in Sources */ = {isa = PBXBuildFile; fileRef = 920443C522347E9600F188D5 /* SidebarItem.swift */; };
		920443C822347E9600F188D5 /* SidebarItem.xib in Resources */ = {isa = PBXBuildFile; fileRef = 920443C622347E9600F188D5 /* SidebarItem.xib */; };
		920443CF22370F9500F188D5 /* SidebarViewController.swift in Sources */ = {isa = PBXBuildFile; fileRef = 920443CE22370F9500F188D5 /* SidebarViewController.swift */; };
		920443D322371CFF00F188D5 /* BottombarViewController.swift in Sources */ = {isa = PBXBuildFile; fileRef = 920443D222371CFF00F188D5 /* BottombarViewController.swift */; };
		920443D622371DA400F188D5 /* BottombarItem.swift in Sources */ = {isa = PBXBuildFile; fileRef = 920443D422371DA400F188D5 /* BottombarItem.swift */; };
		920443D722371DA400F188D5 /* BottombarItem.xib in Resources */ = {isa = PBXBuildFile; fileRef = 920443D522371DA400F188D5 /* BottombarItem.xib */; };
		920443DB2239510400F188D5 /* MainViewController.swift in Sources */ = {isa = PBXBuildFile; fileRef = 920443D92239510400F188D5 /* MainViewController.swift */; };
		920443DC2239510400F188D5 /* MainViewController.xib in Resources */ = {isa = PBXBuildFile; fileRef = 920443DA2239510400F188D5 /* MainViewController.xib */; };
		920443DF2239BB6500F188D5 /* AllViewController.swift in Sources */ = {isa = PBXBuildFile; fileRef = 920443DE2239BB6500F188D5 /* AllViewController.swift */; };
		920443F2223D62B600F188D5 /* PlusView.swift in Sources */ = {isa = PBXBuildFile; fileRef = 920443F1223D62B600F188D5 /* PlusView.swift */; };
		92428B6E223D879B000E26CA /* RationalView.swift in Sources */ = {isa = PBXBuildFile; fileRef = 92428B6D223D879B000E26CA /* RationalView.swift */; };
		92428B70223DA6BB000E26CA /* AtomicView.swift in Sources */ = {isa = PBXBuildFile; fileRef = 92428B6F223DA6BB000E26CA /* AtomicView.swift */; };
		92A3E5DB2246CECC00C8571B /* ExpressionModel.swift in Sources */ = {isa = PBXBuildFile; fileRef = 92A3E5DA2246CECC00C8571B /* ExpressionModel.swift */; };
		92A3E5DD2246CF3100C8571B /* RationalModel.swift in Sources */ = {isa = PBXBuildFile; fileRef = 92A3E5DC2246CF3100C8571B /* RationalModel.swift */; };
		92A3E5DF2246D5D900C8571B /* PlusModel.swift in Sources */ = {isa = PBXBuildFile; fileRef = 92A3E5DE2246D5D900C8571B /* PlusModel.swift */; };
		92A3E5E62248265400C8571B /* TransformationItem.swift in Sources */ = {isa = PBXBuildFile; fileRef = 92A3E5E42248265400C8571B /* TransformationItem.swift */; };
		92A3E5E72248265400C8571B /* TransformationItem.xib in Resources */ = {isa = PBXBuildFile; fileRef = 92A3E5E52248265400C8571B /* TransformationItem.xib */; };
		92A52CFC223DB0A4006473E5 /* ExpressionView.swift in Sources */ = {isa = PBXBuildFile; fileRef = 92A52CFB223DB0A4006473E5 /* ExpressionView.swift */; };
		92C74A882246CBD500AC360E /* AtomicModel.swift in Sources */ = {isa = PBXBuildFile; fileRef = 92C74A872246CBD500AC360E /* AtomicModel.swift */; };
		92EFED05224D9E32005E7909 /* PatternModel.swift in Sources */ = {isa = PBXBuildFile; fileRef = 92EFED03224D9E32005E7909 /* PatternModel.swift */; };
		92EFED06224D9E32005E7909 /* PatternView.swift in Sources */ = {isa = PBXBuildFile; fileRef = 92EFED04224D9E32005E7909 /* PatternView.swift */; };
		92EFED0C2252BDE9005E7909 /* SourceModel.swift in Sources */ = {isa = PBXBuildFile; fileRef = 92EFED0B2252BDE9005E7909 /* SourceModel.swift */; };
		92F9744522345BE100C3AD04 /* AppDelegate.swift in Sources */ = {isa = PBXBuildFile; fileRef = 92F9744422345BE100C3AD04 /* AppDelegate.swift */; };
		92F9744722345BE100C3AD04 /* ViewController.swift in Sources */ = {isa = PBXBuildFile; fileRef = 92F9744622345BE100C3AD04 /* ViewController.swift */; };
		92F9744922345BE600C3AD04 /* Assets.xcassets in Resources */ = {isa = PBXBuildFile; fileRef = 92F9744822345BE600C3AD04 /* Assets.xcassets */; };
		92F9744C22345BE600C3AD04 /* Main.storyboard in Resources */ = {isa = PBXBuildFile; fileRef = 92F9744A22345BE600C3AD04 /* Main.storyboard */; };
		92F9745822345BE600C3AD04 /* ShorelineTests.swift in Sources */ = {isa = PBXBuildFile; fileRef = 92F9745722345BE600C3AD04 /* ShorelineTests.swift */; };
		92F9746322345BE600C3AD04 /* ShorelineUITests.swift in Sources */ = {isa = PBXBuildFile; fileRef = 92F9746222345BE600C3AD04 /* ShorelineUITests.swift */; };
		92FA8B432253E886003FD276 /* SourceView.swift in Sources */ = {isa = PBXBuildFile; fileRef = 92FA8B422253E886003FD276 /* SourceView.swift */; };
/* End PBXBuildFile section */

/* Begin PBXContainerItemProxy section */
		92F9745422345BE600C3AD04 /* PBXContainerItemProxy */ = {
			isa = PBXContainerItemProxy;
			containerPortal = 92F9743922345BE000C3AD04 /* Project object */;
			proxyType = 1;
			remoteGlobalIDString = 92F9744022345BE100C3AD04;
			remoteInfo = Shoreline;
		};
		92F9745F22345BE600C3AD04 /* PBXContainerItemProxy */ = {
			isa = PBXContainerItemProxy;
			containerPortal = 92F9743922345BE000C3AD04 /* Project object */;
			proxyType = 1;
			remoteGlobalIDString = 92F9744022345BE100C3AD04;
			remoteInfo = Shoreline;
		};
/* End PBXContainerItemProxy section */

/* Begin PBXFileReference section */
		920443C522347E9600F188D5 /* SidebarItem.swift */ = {isa = PBXFileReference; lastKnownFileType = sourcecode.swift; path = SidebarItem.swift; sourceTree = "<group>"; };
		920443C622347E9600F188D5 /* SidebarItem.xib */ = {isa = PBXFileReference; lastKnownFileType = file.xib; path = SidebarItem.xib; sourceTree = "<group>"; };
		920443CE22370F9500F188D5 /* SidebarViewController.swift */ = {isa = PBXFileReference; lastKnownFileType = sourcecode.swift; path = SidebarViewController.swift; sourceTree = "<group>"; };
		920443D222371CFF00F188D5 /* BottombarViewController.swift */ = {isa = PBXFileReference; lastKnownFileType = sourcecode.swift; path = BottombarViewController.swift; sourceTree = "<group>"; };
		920443D422371DA400F188D5 /* BottombarItem.swift */ = {isa = PBXFileReference; lastKnownFileType = sourcecode.swift; path = BottombarItem.swift; sourceTree = "<group>"; };
		920443D522371DA400F188D5 /* BottombarItem.xib */ = {isa = PBXFileReference; lastKnownFileType = file.xib; path = BottombarItem.xib; sourceTree = "<group>"; };
		920443D92239510400F188D5 /* MainViewController.swift */ = {isa = PBXFileReference; lastKnownFileType = sourcecode.swift; path = MainViewController.swift; sourceTree = "<group>"; };
		920443DA2239510400F188D5 /* MainViewController.xib */ = {isa = PBXFileReference; lastKnownFileType = file.xib; path = MainViewController.xib; sourceTree = "<group>"; };
		920443DE2239BB6500F188D5 /* AllViewController.swift */ = {isa = PBXFileReference; lastKnownFileType = sourcecode.swift; path = AllViewController.swift; sourceTree = "<group>"; };
		920443F1223D62B600F188D5 /* PlusView.swift */ = {isa = PBXFileReference; lastKnownFileType = sourcecode.swift; path = PlusView.swift; sourceTree = "<group>"; };
		92428B6D223D879B000E26CA /* RationalView.swift */ = {isa = PBXFileReference; lastKnownFileType = sourcecode.swift; path = RationalView.swift; sourceTree = "<group>"; };
		92428B6F223DA6BB000E26CA /* AtomicView.swift */ = {isa = PBXFileReference; lastKnownFileType = sourcecode.swift; path = AtomicView.swift; sourceTree = "<group>"; };
		92A3E5DA2246CECC00C8571B /* ExpressionModel.swift */ = {isa = PBXFileReference; lastKnownFileType = sourcecode.swift; path = ExpressionModel.swift; sourceTree = "<group>"; };
		92A3E5DC2246CF3100C8571B /* RationalModel.swift */ = {isa = PBXFileReference; lastKnownFileType = sourcecode.swift; path = RationalModel.swift; sourceTree = "<group>"; };
		92A3E5DE2246D5D900C8571B /* PlusModel.swift */ = {isa = PBXFileReference; lastKnownFileType = sourcecode.swift; path = PlusModel.swift; sourceTree = "<group>"; };
		92A3E5E42248265400C8571B /* TransformationItem.swift */ = {isa = PBXFileReference; fileEncoding = 4; lastKnownFileType = sourcecode.swift; path = TransformationItem.swift; sourceTree = "<group>"; };
		92A3E5E52248265400C8571B /* TransformationItem.xib */ = {isa = PBXFileReference; fileEncoding = 4; lastKnownFileType = file.xib; path = TransformationItem.xib; sourceTree = "<group>"; };
		92A52CFB223DB0A4006473E5 /* ExpressionView.swift */ = {isa = PBXFileReference; lastKnownFileType = sourcecode.swift; path = ExpressionView.swift; sourceTree = "<group>"; };
		92C74A872246CBD500AC360E /* AtomicModel.swift */ = {isa = PBXFileReference; lastKnownFileType = sourcecode.swift; path = AtomicModel.swift; sourceTree = "<group>"; };
		92EFED03224D9E32005E7909 /* PatternModel.swift */ = {isa = PBXFileReference; fileEncoding = 4; lastKnownFileType = sourcecode.swift; path = PatternModel.swift; sourceTree = "<group>"; };
		92EFED04224D9E32005E7909 /* PatternView.swift */ = {isa = PBXFileReference; fileEncoding = 4; lastKnownFileType = sourcecode.swift; path = PatternView.swift; sourceTree = "<group>"; };
		92EFED0B2252BDE9005E7909 /* SourceModel.swift */ = {isa = PBXFileReference; lastKnownFileType = sourcecode.swift; path = SourceModel.swift; sourceTree = "<group>"; };
		92F9744122345BE100C3AD04 /* Shoreline.app */ = {isa = PBXFileReference; explicitFileType = wrapper.application; includeInIndex = 0; path = Shoreline.app; sourceTree = BUILT_PRODUCTS_DIR; };
		92F9744422345BE100C3AD04 /* AppDelegate.swift */ = {isa = PBXFileReference; lastKnownFileType = sourcecode.swift; path = AppDelegate.swift; sourceTree = "<group>"; };
		92F9744622345BE100C3AD04 /* ViewController.swift */ = {isa = PBXFileReference; lastKnownFileType = sourcecode.swift; path = ViewController.swift; sourceTree = "<group>"; };
		92F9744822345BE600C3AD04 /* Assets.xcassets */ = {isa = PBXFileReference; lastKnownFileType = folder.assetcatalog; path = Assets.xcassets; sourceTree = "<group>"; };
		92F9744B22345BE600C3AD04 /* Base */ = {isa = PBXFileReference; lastKnownFileType = file.storyboard; name = Base; path = Base.lproj/Main.storyboard; sourceTree = "<group>"; };
		92F9744D22345BE600C3AD04 /* Info.plist */ = {isa = PBXFileReference; lastKnownFileType = text.plist.xml; path = Info.plist; sourceTree = "<group>"; };
		92F9744E22345BE600C3AD04 /* Shoreline.entitlements */ = {isa = PBXFileReference; lastKnownFileType = text.plist.entitlements; path = Shoreline.entitlements; sourceTree = "<group>"; };
		92F9745322345BE600C3AD04 /* ShorelineTests.xctest */ = {isa = PBXFileReference; explicitFileType = wrapper.cfbundle; includeInIndex = 0; path = ShorelineTests.xctest; sourceTree = BUILT_PRODUCTS_DIR; };
		92F9745722345BE600C3AD04 /* ShorelineTests.swift */ = {isa = PBXFileReference; lastKnownFileType = sourcecode.swift; path = ShorelineTests.swift; sourceTree = "<group>"; };
		92F9745922345BE600C3AD04 /* Info.plist */ = {isa = PBXFileReference; lastKnownFileType = text.plist.xml; path = Info.plist; sourceTree = "<group>"; };
		92F9745E22345BE600C3AD04 /* ShorelineUITests.xctest */ = {isa = PBXFileReference; explicitFileType = wrapper.cfbundle; includeInIndex = 0; path = ShorelineUITests.xctest; sourceTree = BUILT_PRODUCTS_DIR; };
		92F9746222345BE600C3AD04 /* ShorelineUITests.swift */ = {isa = PBXFileReference; lastKnownFileType = sourcecode.swift; path = ShorelineUITests.swift; sourceTree = "<group>"; };
		92F9746422345BE600C3AD04 /* Info.plist */ = {isa = PBXFileReference; lastKnownFileType = text.plist.xml; path = Info.plist; sourceTree = "<group>"; };
		92FA8B422253E886003FD276 /* SourceView.swift */ = {isa = PBXFileReference; lastKnownFileType = sourcecode.swift; path = SourceView.swift; sourceTree = "<group>"; };
/* End PBXFileReference section */

/* Begin PBXFrameworksBuildPhase section */
		92F9743E22345BE100C3AD04 /* Frameworks */ = {
			isa = PBXFrameworksBuildPhase;
			buildActionMask = 2147483647;
			files = (
			);
			runOnlyForDeploymentPostprocessing = 0;
		};
		92F9745022345BE600C3AD04 /* Frameworks */ = {
			isa = PBXFrameworksBuildPhase;
			buildActionMask = 2147483647;
			files = (
			);
			runOnlyForDeploymentPostprocessing = 0;
		};
		92F9745B22345BE600C3AD04 /* Frameworks */ = {
			isa = PBXFrameworksBuildPhase;
			buildActionMask = 2147483647;
			files = (
			);
			runOnlyForDeploymentPostprocessing = 0;
		};
/* End PBXFrameworksBuildPhase section */

/* Begin PBXGroup section */
		920443CD22370F4E00F188D5 /* Sidebar */ = {
			isa = PBXGroup;
			children = (
				920443CE22370F9500F188D5 /* SidebarViewController.swift */,
				920443C522347E9600F188D5 /* SidebarItem.swift */,
				920443C622347E9600F188D5 /* SidebarItem.xib */,
			);
			path = Sidebar;
			sourceTree = "<group>";
		};
		920443D122371CAB00F188D5 /* Bottombar */ = {
			isa = PBXGroup;
			children = (
				92A3E5E42248265400C8571B /* TransformationItem.swift */,
				92A3E5E52248265400C8571B /* TransformationItem.xib */,
				920443D222371CFF00F188D5 /* BottombarViewController.swift */,
				920443D422371DA400F188D5 /* BottombarItem.swift */,
				920443D522371DA400F188D5 /* BottombarItem.xib */,
			);
			path = Bottombar;
			sourceTree = "<group>";
		};
		920443D8223950DF00F188D5 /* Main */ = {
			isa = PBXGroup;
			children = (
				920443D92239510400F188D5 /* MainViewController.swift */,
				920443DA2239510400F188D5 /* MainViewController.xib */,
			);
			path = Main;
			sourceTree = "<group>";
		};
		920443DD2239BB4600F188D5 /* All */ = {
			isa = PBXGroup;
			children = (
				920443DE2239BB6500F188D5 /* AllViewController.swift */,
			);
			path = All;
			sourceTree = "<group>";
		};
		920443E2223D523200F188D5 /* Expression */ = {
			isa = PBXGroup;
			children = (
				92EFED0A2252BD8D005E7909 /* View */,
				92EFED092252BD7F005E7909 /* Model */,
			);
			path = Expression;
			sourceTree = "<group>";
		};
		92EFED092252BD7F005E7909 /* Model */ = {
			isa = PBXGroup;
			children = (
				92A3E5DA2246CECC00C8571B /* ExpressionModel.swift */,
				92EFED0B2252BDE9005E7909 /* SourceModel.swift */,
				92C74A872246CBD500AC360E /* AtomicModel.swift */,
				92A3E5DC2246CF3100C8571B /* RationalModel.swift */,
				92A3E5DE2246D5D900C8571B /* PlusModel.swift */,
				92EFED03224D9E32005E7909 /* PatternModel.swift */,
			);
			path = Model;
			sourceTree = "<group>";
		};
		92EFED0A2252BD8D005E7909 /* View */ = {
			isa = PBXGroup;
			children = (
				92A52CFB223DB0A4006473E5 /* ExpressionView.swift */,
				92FA8B422253E886003FD276 /* SourceView.swift */,
				92428B6F223DA6BB000E26CA /* AtomicView.swift */,
				92428B6D223D879B000E26CA /* RationalView.swift */,
				920443F1223D62B600F188D5 /* PlusView.swift */,
				92EFED04224D9E32005E7909 /* PatternView.swift */,
			);
			path = View;
			sourceTree = "<group>";
		};
		92F9743822345BE000C3AD04 = {
			isa = PBXGroup;
			children = (
				92F9744322345BE100C3AD04 /* Shoreline */,
				92F9745622345BE600C3AD04 /* ShorelineTests */,
				92F9746122345BE600C3AD04 /* ShorelineUITests */,
				92F9744222345BE100C3AD04 /* Products */,
			);
			sourceTree = "<group>";
		};
		92F9744222345BE100C3AD04 /* Products */ = {
			isa = PBXGroup;
			children = (
				92F9744122345BE100C3AD04 /* Shoreline.app */,
				92F9745322345BE600C3AD04 /* ShorelineTests.xctest */,
				92F9745E22345BE600C3AD04 /* ShorelineUITests.xctest */,
			);
			name = Products;
			sourceTree = "<group>";
		};
		92F9744322345BE100C3AD04 /* Shoreline */ = {
			isa = PBXGroup;
			children = (
				920443E2223D523200F188D5 /* Expression */,
				920443DD2239BB4600F188D5 /* All */,
				920443D8223950DF00F188D5 /* Main */,
				920443D122371CAB00F188D5 /* Bottombar */,
				920443CD22370F4E00F188D5 /* Sidebar */,
				92F9744422345BE100C3AD04 /* AppDelegate.swift */,
				92F9744622345BE100C3AD04 /* ViewController.swift */,
				92F9744822345BE600C3AD04 /* Assets.xcassets */,
				92F9744A22345BE600C3AD04 /* Main.storyboard */,
				92F9744D22345BE600C3AD04 /* Info.plist */,
				92F9744E22345BE600C3AD04 /* Shoreline.entitlements */,
			);
			path = Shoreline;
			sourceTree = "<group>";
		};
		92F9745622345BE600C3AD04 /* ShorelineTests */ = {
			isa = PBXGroup;
			children = (
				92F9745722345BE600C3AD04 /* ShorelineTests.swift */,
				92F9745922345BE600C3AD04 /* Info.plist */,
			);
			path = ShorelineTests;
			sourceTree = "<group>";
		};
		92F9746122345BE600C3AD04 /* ShorelineUITests */ = {
			isa = PBXGroup;
			children = (
				92F9746222345BE600C3AD04 /* ShorelineUITests.swift */,
				92F9746422345BE600C3AD04 /* Info.plist */,
			);
			path = ShorelineUITests;
			sourceTree = "<group>";
		};
/* End PBXGroup section */

/* Begin PBXNativeTarget section */
		92F9744022345BE100C3AD04 /* Shoreline */ = {
			isa = PBXNativeTarget;
			buildConfigurationList = 92F9746722345BE600C3AD04 /* Build configuration list for PBXNativeTarget "Shoreline" */;
			buildPhases = (
				92F9743D22345BE100C3AD04 /* Sources */,
				92F9743E22345BE100C3AD04 /* Frameworks */,
				92F9743F22345BE100C3AD04 /* Resources */,
			);
			buildRules = (
			);
			dependencies = (
			);
			name = Shoreline;
			productName = Shoreline;
			productReference = 92F9744122345BE100C3AD04 /* Shoreline.app */;
			productType = "com.apple.product-type.application";
		};
		92F9745222345BE600C3AD04 /* ShorelineTests */ = {
			isa = PBXNativeTarget;
			buildConfigurationList = 92F9746A22345BE600C3AD04 /* Build configuration list for PBXNativeTarget "ShorelineTests" */;
			buildPhases = (
				92F9744F22345BE600C3AD04 /* Sources */,
				92F9745022345BE600C3AD04 /* Frameworks */,
				92F9745122345BE600C3AD04 /* Resources */,
			);
			buildRules = (
			);
			dependencies = (
				92F9745522345BE600C3AD04 /* PBXTargetDependency */,
			);
			name = ShorelineTests;
			productName = ShorelineTests;
			productReference = 92F9745322345BE600C3AD04 /* ShorelineTests.xctest */;
			productType = "com.apple.product-type.bundle.unit-test";
		};
		92F9745D22345BE600C3AD04 /* ShorelineUITests */ = {
			isa = PBXNativeTarget;
			buildConfigurationList = 92F9746D22345BE600C3AD04 /* Build configuration list for PBXNativeTarget "ShorelineUITests" */;
			buildPhases = (
				92F9745A22345BE600C3AD04 /* Sources */,
				92F9745B22345BE600C3AD04 /* Frameworks */,
				92F9745C22345BE600C3AD04 /* Resources */,
			);
			buildRules = (
			);
			dependencies = (
				92F9746022345BE600C3AD04 /* PBXTargetDependency */,
			);
			name = ShorelineUITests;
			productName = ShorelineUITests;
			productReference = 92F9745E22345BE600C3AD04 /* ShorelineUITests.xctest */;
			productType = "com.apple.product-type.bundle.ui-testing";
		};
/* End PBXNativeTarget section */

/* Begin PBXProject section */
		92F9743922345BE000C3AD04 /* Project object */ = {
			isa = PBXProject;
			attributes = {
				LastSwiftUpdateCheck = 1010;
				LastUpgradeCheck = 1010;
				ORGANIZATIONNAME = "Koissi Adjorlolo";
				TargetAttributes = {
					92F9744022345BE100C3AD04 = {
						CreatedOnToolsVersion = 10.1;
					};
					92F9745222345BE600C3AD04 = {
						CreatedOnToolsVersion = 10.1;
						TestTargetID = 92F9744022345BE100C3AD04;
					};
					92F9745D22345BE600C3AD04 = {
						CreatedOnToolsVersion = 10.1;
						TestTargetID = 92F9744022345BE100C3AD04;
					};
				};
			};
			buildConfigurationList = 92F9743C22345BE000C3AD04 /* Build configuration list for PBXProject "Shoreline" */;
			compatibilityVersion = "Xcode 9.3";
			developmentRegion = en;
			hasScannedForEncodings = 0;
			knownRegions = (
				en,
				Base,
			);
			mainGroup = 92F9743822345BE000C3AD04;
			productRefGroup = 92F9744222345BE100C3AD04 /* Products */;
			projectDirPath = "";
			projectRoot = "";
			targets = (
				92F9744022345BE100C3AD04 /* Shoreline */,
				92F9745222345BE600C3AD04 /* ShorelineTests */,
				92F9745D22345BE600C3AD04 /* ShorelineUITests */,
			);
		};
/* End PBXProject section */

/* Begin PBXResourcesBuildPhase section */
		92F9743F22345BE100C3AD04 /* Resources */ = {
			isa = PBXResourcesBuildPhase;
			buildActionMask = 2147483647;
			files = (
				920443D722371DA400F188D5 /* BottombarItem.xib in Resources */,
				920443DC2239510400F188D5 /* MainViewController.xib in Resources */,
				92F9744922345BE600C3AD04 /* Assets.xcassets in Resources */,
				92A3E5E72248265400C8571B /* TransformationItem.xib in Resources */,
				92F9744C22345BE600C3AD04 /* Main.storyboard in Resources */,
				920443C822347E9600F188D5 /* SidebarItem.xib in Resources */,
			);
			runOnlyForDeploymentPostprocessing = 0;
		};
		92F9745122345BE600C3AD04 /* Resources */ = {
			isa = PBXResourcesBuildPhase;
			buildActionMask = 2147483647;
			files = (
			);
			runOnlyForDeploymentPostprocessing = 0;
		};
		92F9745C22345BE600C3AD04 /* Resources */ = {
			isa = PBXResourcesBuildPhase;
			buildActionMask = 2147483647;
			files = (
			);
			runOnlyForDeploymentPostprocessing = 0;
		};
/* End PBXResourcesBuildPhase section */

/* Begin PBXSourcesBuildPhase section */
		92F9743D22345BE100C3AD04 /* Sources */ = {
			isa = PBXSourcesBuildPhase;
			buildActionMask = 2147483647;
			files = (
				920443DF2239BB6500F188D5 /* AllViewController.swift in Sources */,
				920443CF22370F9500F188D5 /* SidebarViewController.swift in Sources */,
				920443F2223D62B600F188D5 /* PlusView.swift in Sources */,
				92A3E5DB2246CECC00C8571B /* ExpressionModel.swift in Sources */,
				92A3E5DF2246D5D900C8571B /* PlusModel.swift in Sources */,
				92428B70223DA6BB000E26CA /* AtomicView.swift in Sources */,
				92EFED06224D9E32005E7909 /* PatternView.swift in Sources */,
				92C74A882246CBD500AC360E /* AtomicModel.swift in Sources */,
				920443D622371DA400F188D5 /* BottombarItem.swift in Sources */,
				920443C722347E9600F188D5 /* SidebarItem.swift in Sources */,
				92A52CFC223DB0A4006473E5 /* ExpressionView.swift in Sources */,
				92A3E5DD2246CF3100C8571B /* RationalModel.swift in Sources */,
				920443D322371CFF00F188D5 /* BottombarViewController.swift in Sources */,
				92428B6E223D879B000E26CA /* RationalView.swift in Sources */,
				92EFED0C2252BDE9005E7909 /* SourceModel.swift in Sources */,
				92FA8B432253E886003FD276 /* SourceView.swift in Sources */,
				92F9744722345BE100C3AD04 /* ViewController.swift in Sources */,
				92F9744522345BE100C3AD04 /* AppDelegate.swift in Sources */,
				920443DB2239510400F188D5 /* MainViewController.swift in Sources */,
				92EFED05224D9E32005E7909 /* PatternModel.swift in Sources */,
				92A3E5E62248265400C8571B /* TransformationItem.swift in Sources */,
			);
			runOnlyForDeploymentPostprocessing = 0;
		};
		92F9744F22345BE600C3AD04 /* Sources */ = {
			isa = PBXSourcesBuildPhase;
			buildActionMask = 2147483647;
			files = (
				92F9745822345BE600C3AD04 /* ShorelineTests.swift in Sources */,
			);
			runOnlyForDeploymentPostprocessing = 0;
		};
		92F9745A22345BE600C3AD04 /* Sources */ = {
			isa = PBXSourcesBuildPhase;
			buildActionMask = 2147483647;
			files = (
				92F9746322345BE600C3AD04 /* ShorelineUITests.swift in Sources */,
			);
			runOnlyForDeploymentPostprocessing = 0;
		};
/* End PBXSourcesBuildPhase section */

/* Begin PBXTargetDependency section */
		92F9745522345BE600C3AD04 /* PBXTargetDependency */ = {
			isa = PBXTargetDependency;
			target = 92F9744022345BE100C3AD04 /* Shoreline */;
			targetProxy = 92F9745422345BE600C3AD04 /* PBXContainerItemProxy */;
		};
		92F9746022345BE600C3AD04 /* PBXTargetDependency */ = {
			isa = PBXTargetDependency;
			target = 92F9744022345BE100C3AD04 /* Shoreline */;
			targetProxy = 92F9745F22345BE600C3AD04 /* PBXContainerItemProxy */;
		};
/* End PBXTargetDependency section */

/* Begin PBXVariantGroup section */
		92F9744A22345BE600C3AD04 /* Main.storyboard */ = {
			isa = PBXVariantGroup;
			children = (
				92F9744B22345BE600C3AD04 /* Base */,
			);
			name = Main.storyboard;
			sourceTree = "<group>";
		};
/* End PBXVariantGroup section */

/* Begin XCBuildConfiguration section */
		92F9746522345BE600C3AD04 /* Debug */ = {
			isa = XCBuildConfiguration;
			buildSettings = {
				ALWAYS_SEARCH_USER_PATHS = NO;
				CLANG_ANALYZER_NONNULL = YES;
				CLANG_ANALYZER_NUMBER_OBJECT_CONVERSION = YES_AGGRESSIVE;
				CLANG_CXX_LANGUAGE_STANDARD = "gnu++14";
				CLANG_CXX_LIBRARY = "libc++";
				CLANG_ENABLE_MODULES = YES;
				CLANG_ENABLE_OBJC_ARC = YES;
				CLANG_ENABLE_OBJC_WEAK = YES;
				CLANG_WARN_BLOCK_CAPTURE_AUTORELEASING = YES;
				CLANG_WARN_BOOL_CONVERSION = YES;
				CLANG_WARN_COMMA = YES;
				CLANG_WARN_CONSTANT_CONVERSION = YES;
				CLANG_WARN_DEPRECATED_OBJC_IMPLEMENTATIONS = YES;
				CLANG_WARN_DIRECT_OBJC_ISA_USAGE = YES_ERROR;
				CLANG_WARN_DOCUMENTATION_COMMENTS = YES;
				CLANG_WARN_EMPTY_BODY = YES;
				CLANG_WARN_ENUM_CONVERSION = YES;
				CLANG_WARN_INFINITE_RECURSION = YES;
				CLANG_WARN_INT_CONVERSION = YES;
				CLANG_WARN_NON_LITERAL_NULL_CONVERSION = YES;
				CLANG_WARN_OBJC_IMPLICIT_RETAIN_SELF = YES;
				CLANG_WARN_OBJC_LITERAL_CONVERSION = YES;
				CLANG_WARN_OBJC_ROOT_CLASS = YES_ERROR;
				CLANG_WARN_RANGE_LOOP_ANALYSIS = YES;
				CLANG_WARN_STRICT_PROTOTYPES = YES;
				CLANG_WARN_SUSPICIOUS_MOVE = YES;
				CLANG_WARN_UNGUARDED_AVAILABILITY = YES_AGGRESSIVE;
				CLANG_WARN_UNREACHABLE_CODE = YES;
				CLANG_WARN__DUPLICATE_METHOD_MATCH = YES;
				CODE_SIGN_IDENTITY = "-";
				COPY_PHASE_STRIP = NO;
				DEBUG_INFORMATION_FORMAT = dwarf;
				ENABLE_STRICT_OBJC_MSGSEND = YES;
				ENABLE_TESTABILITY = YES;
				GCC_C_LANGUAGE_STANDARD = gnu11;
				GCC_DYNAMIC_NO_PIC = NO;
				GCC_NO_COMMON_BLOCKS = YES;
				GCC_OPTIMIZATION_LEVEL = 0;
				GCC_PREPROCESSOR_DEFINITIONS = (
					"DEBUG=1",
					"$(inherited)",
				);
				GCC_WARN_64_TO_32_BIT_CONVERSION = YES;
				GCC_WARN_ABOUT_RETURN_TYPE = YES_ERROR;
				GCC_WARN_UNDECLARED_SELECTOR = YES;
				GCC_WARN_UNINITIALIZED_AUTOS = YES_AGGRESSIVE;
				GCC_WARN_UNUSED_FUNCTION = YES;
				GCC_WARN_UNUSED_VARIABLE = YES;
				MACOSX_DEPLOYMENT_TARGET = 10.13;
				MTL_ENABLE_DEBUG_INFO = INCLUDE_SOURCE;
				MTL_FAST_MATH = YES;
				ONLY_ACTIVE_ARCH = YES;
				SDKROOT = macosx;
				SWIFT_ACTIVE_COMPILATION_CONDITIONS = DEBUG;
				SWIFT_OPTIMIZATION_LEVEL = "-Onone";
			};
			name = Debug;
		};
		92F9746622345BE600C3AD04 /* Release */ = {
			isa = XCBuildConfiguration;
			buildSettings = {
				ALWAYS_SEARCH_USER_PATHS = NO;
				CLANG_ANALYZER_NONNULL = YES;
				CLANG_ANALYZER_NUMBER_OBJECT_CONVERSION = YES_AGGRESSIVE;
				CLANG_CXX_LANGUAGE_STANDARD = "gnu++14";
				CLANG_CXX_LIBRARY = "libc++";
				CLANG_ENABLE_MODULES = YES;
				CLANG_ENABLE_OBJC_ARC = YES;
				CLANG_ENABLE_OBJC_WEAK = YES;
				CLANG_WARN_BLOCK_CAPTURE_AUTORELEASING = YES;
				CLANG_WARN_BOOL_CONVERSION = YES;
				CLANG_WARN_COMMA = YES;
				CLANG_WARN_CONSTANT_CONVERSION = YES;
				CLANG_WARN_DEPRECATED_OBJC_IMPLEMENTATIONS = YES;
				CLANG_WARN_DIRECT_OBJC_ISA_USAGE = YES_ERROR;
				CLANG_WARN_DOCUMENTATION_COMMENTS = YES;
				CLANG_WARN_EMPTY_BODY = YES;
				CLANG_WARN_ENUM_CONVERSION = YES;
				CLANG_WARN_INFINITE_RECURSION = YES;
				CLANG_WARN_INT_CONVERSION = YES;
				CLANG_WARN_NON_LITERAL_NULL_CONVERSION = YES;
				CLANG_WARN_OBJC_IMPLICIT_RETAIN_SELF = YES;
				CLANG_WARN_OBJC_LITERAL_CONVERSION = YES;
				CLANG_WARN_OBJC_ROOT_CLASS = YES_ERROR;
				CLANG_WARN_RANGE_LOOP_ANALYSIS = YES;
				CLANG_WARN_STRICT_PROTOTYPES = YES;
				CLANG_WARN_SUSPICIOUS_MOVE = YES;
				CLANG_WARN_UNGUARDED_AVAILABILITY = YES_AGGRESSIVE;
				CLANG_WARN_UNREACHABLE_CODE = YES;
				CLANG_WARN__DUPLICATE_METHOD_MATCH = YES;
				CODE_SIGN_IDENTITY = "-";
				COPY_PHASE_STRIP = NO;
				DEBUG_INFORMATION_FORMAT = "dwarf-with-dsym";
				ENABLE_NS_ASSERTIONS = NO;
				ENABLE_STRICT_OBJC_MSGSEND = YES;
				GCC_C_LANGUAGE_STANDARD = gnu11;
				GCC_NO_COMMON_BLOCKS = YES;
				GCC_WARN_64_TO_32_BIT_CONVERSION = YES;
				GCC_WARN_ABOUT_RETURN_TYPE = YES_ERROR;
				GCC_WARN_UNDECLARED_SELECTOR = YES;
				GCC_WARN_UNINITIALIZED_AUTOS = YES_AGGRESSIVE;
				GCC_WARN_UNUSED_FUNCTION = YES;
				GCC_WARN_UNUSED_VARIABLE = YES;
				MACOSX_DEPLOYMENT_TARGET = 10.13;
				MTL_ENABLE_DEBUG_INFO = NO;
				MTL_FAST_MATH = YES;
				SDKROOT = macosx;
				SWIFT_COMPILATION_MODE = wholemodule;
				SWIFT_OPTIMIZATION_LEVEL = "-O";
			};
			name = Release;
		};
		92F9746822345BE600C3AD04 /* Debug */ = {
			isa = XCBuildConfiguration;
			buildSettings = {
				ASSETCATALOG_COMPILER_APPICON_NAME = AppIcon;
				CODE_SIGN_ENTITLEMENTS = Shoreline/Shoreline.entitlements;
				CODE_SIGN_STYLE = Automatic;
				COMBINE_HIDPI_IMAGES = YES;
				INFOPLIST_FILE = Shoreline/Info.plist;
				LD_RUNPATH_SEARCH_PATHS = (
					"$(inherited)",
					"@executable_path/../Frameworks",
				);
				PRODUCT_BUNDLE_IDENTIFIER = net.koissiadjorlolo.Shoreline;
				PRODUCT_NAME = "$(TARGET_NAME)";
				SWIFT_VERSION = 4.2;
			};
			name = Debug;
		};
		92F9746922345BE600C3AD04 /* Release */ = {
			isa = XCBuildConfiguration;
			buildSettings = {
				ASSETCATALOG_COMPILER_APPICON_NAME = AppIcon;
				CODE_SIGN_ENTITLEMENTS = Shoreline/Shoreline.entitlements;
				CODE_SIGN_STYLE = Automatic;
				COMBINE_HIDPI_IMAGES = YES;
				INFOPLIST_FILE = Shoreline/Info.plist;
				LD_RUNPATH_SEARCH_PATHS = (
					"$(inherited)",
					"@executable_path/../Frameworks",
				);
				PRODUCT_BUNDLE_IDENTIFIER = net.koissiadjorlolo.Shoreline;
				PRODUCT_NAME = "$(TARGET_NAME)";
				SWIFT_VERSION = 4.2;
			};
			name = Release;
		};
		92F9746B22345BE600C3AD04 /* Debug */ = {
			isa = XCBuildConfiguration;
			buildSettings = {
				ALWAYS_EMBED_SWIFT_STANDARD_LIBRARIES = YES;
				BUNDLE_LOADER = "$(TEST_HOST)";
				CODE_SIGN_STYLE = Automatic;
				COMBINE_HIDPI_IMAGES = YES;
				INFOPLIST_FILE = ShorelineTests/Info.plist;
				LD_RUNPATH_SEARCH_PATHS = (
					"$(inherited)",
					"@executable_path/../Frameworks",
					"@loader_path/../Frameworks",
				);
				PRODUCT_BUNDLE_IDENTIFIER = net.koissiadjorlolo.ShorelineTests;
				PRODUCT_NAME = "$(TARGET_NAME)";
				SWIFT_VERSION = 4.2;
				TEST_HOST = "$(BUILT_PRODUCTS_DIR)/Shoreline.app/Contents/MacOS/Shoreline";
			};
			name = Debug;
		};
		92F9746C22345BE600C3AD04 /* Release */ = {
			isa = XCBuildConfiguration;
			buildSettings = {
				ALWAYS_EMBED_SWIFT_STANDARD_LIBRARIES = YES;
				BUNDLE_LOADER = "$(TEST_HOST)";
				CODE_SIGN_STYLE = Automatic;
				COMBINE_HIDPI_IMAGES = YES;
				INFOPLIST_FILE = ShorelineTests/Info.plist;
				LD_RUNPATH_SEARCH_PATHS = (
					"$(inherited)",
					"@executable_path/../Frameworks",
					"@loader_path/../Frameworks",
				);
				PRODUCT_BUNDLE_IDENTIFIER = net.koissiadjorlolo.ShorelineTests;
				PRODUCT_NAME = "$(TARGET_NAME)";
				SWIFT_VERSION = 4.2;
				TEST_HOST = "$(BUILT_PRODUCTS_DIR)/Shoreline.app/Contents/MacOS/Shoreline";
			};
			name = Release;
		};
		92F9746E22345BE600C3AD04 /* Debug */ = {
			isa = XCBuildConfiguration;
			buildSettings = {
				ALWAYS_EMBED_SWIFT_STANDARD_LIBRARIES = YES;
				CODE_SIGN_STYLE = Automatic;
				COMBINE_HIDPI_IMAGES = YES;
				INFOPLIST_FILE = ShorelineUITests/Info.plist;
				LD_RUNPATH_SEARCH_PATHS = (
					"$(inherited)",
					"@executable_path/../Frameworks",
					"@loader_path/../Frameworks",
				);
				PRODUCT_BUNDLE_IDENTIFIER = net.koissiadjorlolo.ShorelineUITests;
				PRODUCT_NAME = "$(TARGET_NAME)";
				SWIFT_VERSION = 4.2;
				TEST_TARGET_NAME = Shoreline;
			};
			name = Debug;
		};
		92F9746F22345BE600C3AD04 /* Release */ = {
			isa = XCBuildConfiguration;
			buildSettings = {
				ALWAYS_EMBED_SWIFT_STANDARD_LIBRARIES = YES;
				CODE_SIGN_STYLE = Automatic;
				COMBINE_HIDPI_IMAGES = YES;
				INFOPLIST_FILE = ShorelineUITests/Info.plist;
				LD_RUNPATH_SEARCH_PATHS = (
					"$(inherited)",
					"@executable_path/../Frameworks",
					"@loader_path/../Frameworks",
				);
				PRODUCT_BUNDLE_IDENTIFIER = net.koissiadjorlolo.ShorelineUITests;
				PRODUCT_NAME = "$(TARGET_NAME)";
				SWIFT_VERSION = 4.2;
				TEST_TARGET_NAME = Shoreline;
			};
			name = Release;
		};
/* End XCBuildConfiguration section */

/* Begin XCConfigurationList section */
		92F9743C22345BE000C3AD04 /* Build configuration list for PBXProject "Shoreline" */ = {
			isa = XCConfigurationList;
			buildConfigurations = (
				92F9746522345BE600C3AD04 /* Debug */,
				92F9746622345BE600C3AD04 /* Release */,
			);
			defaultConfigurationIsVisible = 0;
			defaultConfigurationName = Release;
		};
		92F9746722345BE600C3AD04 /* Build configuration list for PBXNativeTarget "Shoreline" */ = {
			isa = XCConfigurationList;
			buildConfigurations = (
				92F9746822345BE600C3AD04 /* Debug */,
				92F9746922345BE600C3AD04 /* Release */,
			);
			defaultConfigurationIsVisible = 0;
			defaultConfigurationName = Release;
		};
		92F9746A22345BE600C3AD04 /* Build configuration list for PBXNativeTarget "ShorelineTests" */ = {
			isa = XCConfigurationList;
			buildConfigurations = (
				92F9746B22345BE600C3AD04 /* Debug */,
				92F9746C22345BE600C3AD04 /* Release */,
			);
			defaultConfigurationIsVisible = 0;
			defaultConfigurationName = Release;
		};
		92F9746D22345BE600C3AD04 /* Build configuration list for PBXNativeTarget "ShorelineUITests" */ = {
			isa = XCConfigurationList;
			buildConfigurations = (
				92F9746E22345BE600C3AD04 /* Debug */,
				92F9746F22345BE600C3AD04 /* Release */,
			);
			defaultConfigurationIsVisible = 0;
			defaultConfigurationName = Release;
		};
/* End XCConfigurationList section */
	};
	rootObject = 92F9743922345BE000C3AD04 /* Project object */;
}
