// !$*UTF8*$!
{
	archiveVersion = 1;
	classes = {
	};
	objectVersion = 50;
	objects = {

/* Begin PBXBuildFile section */
		92F9744522345BE100C3AD04 /* AppDelegate.swift in Sources */ = {isa = PBXBuildFile; fileRef = 92F9744422345BE100C3AD04 /* AppDelegate.swift */; };
		92F9744722345BE100C3AD04 /* ViewController.swift in Sources */ = {isa = PBXBuildFile; fileRef = 92F9744622345BE100C3AD04 /* ViewController.swift */; };
		92F9744922345BE600C3AD04 /* Assets.xcassets in Resources */ = {isa = PBXBuildFile; fileRef = 92F9744822345BE600C3AD04 /* Assets.xcassets */; };
		92F9744C22345BE600C3AD04 /* Main.storyboard in Resources */ = {isa = PBXBuildFile; fileRef = 92F9744A22345BE600C3AD04 /* Main.storyboard */; };
		92F9745822345BE600C3AD04 /* ShorelineTests.swift in Sources */ = {isa = PBXBuildFile; fileRef = 92F9745722345BE600C3AD04 /* ShorelineTests.swift */; };
		92F9746322345BE600C3AD04 /* ShorelineUITests.swift in Sources */ = {isa = PBXBuildFile; fileRef = 92F9746222345BE600C3AD04 /* ShorelineUITests.swift */; };
/* End PBXBuildFile section */

/* Begin PBXContainerItemProxy section */
		92F9745422345BE600C3AD04 /* PBXContainerItemProxy */ = {
			isa = PBXContainerItemProxy;
			containerPortal = 92F9743922345BE000C3AD04 /* Project object */;
			proxyType = 1;
			remoteGlobalIDString = 92F9744022345BE100C3AD04;
			remoteInfo = Shoreline;
		};
		92F9745F22345BE600C3AD04 /* PBXContainerItemProxy */ = {
			isa = PBXContainerItemProxy;
			containerPortal = 92F9743922345BE000C3AD04 /* Project object */;
			proxyType = 1;
			remoteGlobalIDString = 92F9744022345BE100C3AD04;
			remoteInfo = Shoreline;
		};
/* End PBXContainerItemProxy section */

/* Begin PBXFileReference section */
		92F9744122345BE100C3AD04 /* Shoreline.app */ = {isa = PBXFileReference; explicitFileType = wrapper.application; includeInIndex = 0; path = Shoreline.app; sourceTree = BUILT_PRODUCTS_DIR; };
		92F9744422345BE100C3AD04 /* AppDelegate.swift */ = {isa = PBXFileReference; lastKnownFileType = sourcecode.swift; path = AppDelegate.swift; sourceTree = "<group>"; };
		92F9744622345BE100C3AD04 /* ViewController.swift */ = {isa = PBXFileReference; lastKnownFileType = sourcecode.swift; path = ViewController.swift; sourceTree = "<group>"; };
		92F9744822345BE600C3AD04 /* Assets.xcassets */ = {isa = PBXFileReference; lastKnownFileType = folder.assetcatalog; path = Assets.xcassets; sourceTree = "<group>"; };
		92F9744B22345BE600C3AD04 /* Base */ = {isa = PBXFileReference; lastKnownFileType = file.storyboard; name = Base; path = Base.lproj/Main.storyboard; sourceTree = "<group>"; };
		92F9744D22345BE600C3AD04 /* Info.plist */ = {isa = PBXFileReference; lastKnownFileType = text.plist.xml; path = Info.plist; sourceTree = "<group>"; };
		92F9744E22345BE600C3AD04 /* Shoreline.entitlements */ = {isa = PBXFileReference; lastKnownFileType = text.plist.entitlements; path = Shoreline.entitlements; sourceTree = "<group>"; };
		92F9745322345BE600C3AD04 /* ShorelineTests.xctest */ = {isa = PBXFileReference; explicitFileType = wrapper.cfbundle; includeInIndex = 0; path = ShorelineTests.xctest; sourceTree = BUILT_PRODUCTS_DIR; };
		92F9745722345BE600C3AD04 /* ShorelineTests.swift */ = {isa = PBXFileReference; lastKnownFileType = sourcecode.swift; path = ShorelineTests.swift; sourceTree = "<group>"; };
		92F9745922345BE600C3AD04 /* Info.plist */ = {isa = PBXFileReference; lastKnownFileType = text.plist.xml; path = Info.plist; sourceTree = "<group>"; };
		92F9745E22345BE600C3AD04 /* ShorelineUITests.xctest */ = {isa = PBXFileReference; explicitFileType = wrapper.cfbundle; includeInIndex = 0; path = ShorelineUITests.xctest; sourceTree = BUILT_PRODUCTS_DIR; };
		92F9746222345BE600C3AD04 /* ShorelineUITests.swift */ = {isa = PBXFileReference; lastKnownFileType = sourcecode.swift; path = ShorelineUITests.swift; sourceTree = "<group>"; };
		92F9746422345BE600C3AD04 /* Info.plist */ = {isa = PBXFileReference; lastKnownFileType = text.plist.xml; path = Info.plist; sourceTree = "<group>"; };
/* End PBXFileReference section */

/* Begin PBXFrameworksBuildPhase section */
		92F9743E22345BE100C3AD04 /* Frameworks */ = {
			isa = PBXFrameworksBuildPhase;
			buildActionMask = 2147483647;
			files = (
			);
			runOnlyForDeploymentPostprocessing = 0;
		};
		92F9745022345BE600C3AD04 /* Frameworks */ = {
			isa = PBXFrameworksBuildPhase;
			buildActionMask = 2147483647;
			files = (
			);
			runOnlyForDeploymentPostprocessing = 0;
		};
		92F9745B22345BE600C3AD04 /* Frameworks */ = {
			isa = PBXFrameworksBuildPhase;
			buildActionMask = 2147483647;
			files = (
			);
			runOnlyForDeploymentPostprocessing = 0;
		};
/* End PBXFrameworksBuildPhase section */

/* Begin PBXGroup section */
		92F9743822345BE000C3AD04 = {
			isa = PBXGroup;
			children = (
				92F9744322345BE100C3AD04 /* Shoreline */,
				92F9745622345BE600C3AD04 /* ShorelineTests */,
				92F9746122345BE600C3AD04 /* ShorelineUITests */,
				92F9744222345BE100C3AD04 /* Products */,
			);
			sourceTree = "<group>";
		};
		92F9744222345BE100C3AD04 /* Products */ = {
			isa = PBXGroup;
			children = (
				92F9744122345BE100C3AD04 /* Shoreline.app */,
				92F9745322345BE600C3AD04 /* ShorelineTests.xctest */,
				92F9745E22345BE600C3AD04 /* ShorelineUITests.xctest */,
			);
			name = Products;
			sourceTree = "<group>";
		};
		92F9744322345BE100C3AD04 /* Shoreline */ = {
			isa = PBXGroup;
			children = (
				92F9744422345BE100C3AD04 /* AppDelegate.swift */,
				92F9744622345BE100C3AD04 /* ViewController.swift */,
				92F9744822345BE600C3AD04 /* Assets.xcassets */,
				92F9744A22345BE600C3AD04 /* Main.storyboard */,
				92F9744D22345BE600C3AD04 /* Info.plist */,
				92F9744E22345BE600C3AD04 /* Shoreline.entitlements */,
			);
			path = Shoreline;
			sourceTree = "<group>";
		};
		92F9745622345BE600C3AD04 /* ShorelineTests */ = {
			isa = PBXGroup;
			children = (
				92F9745722345BE600C3AD04 /* ShorelineTests.swift */,
				92F9745922345BE600C3AD04 /* Info.plist */,
			);
			path = ShorelineTests;
			sourceTree = "<group>";
		};
		92F9746122345BE600C3AD04 /* ShorelineUITests */ = {
			isa = PBXGroup;
			children = (
				92F9746222345BE600C3AD04 /* ShorelineUITests.swift */,
				92F9746422345BE600C3AD04 /* Info.plist */,
			);
			path = ShorelineUITests;
			sourceTree = "<group>";
		};
/* End PBXGroup section */

/* Begin PBXNativeTarget section */
		92F9744022345BE100C3AD04 /* Shoreline */ = {
			isa = PBXNativeTarget;
			buildConfigurationList = 92F9746722345BE600C3AD04 /* Build configuration list for PBXNativeTarget "Shoreline" */;
			buildPhases = (
				92F9743D22345BE100C3AD04 /* Sources */,
				92F9743E22345BE100C3AD04 /* Frameworks */,
				92F9743F22345BE100C3AD04 /* Resources */,
			);
			buildRules = (
			);
			dependencies = (
			);
			name = Shoreline;
			productName = Shoreline;
			productReference = 92F9744122345BE100C3AD04 /* Shoreline.app */;
			productType = "com.apple.product-type.application";
		};
		92F9745222345BE600C3AD04 /* ShorelineTests */ = {
			isa = PBXNativeTarget;
			buildConfigurationList = 92F9746A22345BE600C3AD04 /* Build configuration list for PBXNativeTarget "ShorelineTests" */;
			buildPhases = (
				92F9744F22345BE600C3AD04 /* Sources */,
				92F9745022345BE600C3AD04 /* Frameworks */,
				92F9745122345BE600C3AD04 /* Resources */,
			);
			buildRules = (
			);
			dependencies = (
				92F9745522345BE600C3AD04 /* PBXTargetDependency */,
			);
			name = ShorelineTests;
			productName = ShorelineTests;
			productReference = 92F9745322345BE600C3AD04 /* ShorelineTests.xctest */;
			productType = "com.apple.product-type.bundle.unit-test";
		};
		92F9745D22345BE600C3AD04 /* ShorelineUITests */ = {
			isa = PBXNativeTarget;
			buildConfigurationList = 92F9746D22345BE600C3AD04 /* Build configuration list for PBXNativeTarget "ShorelineUITests" */;
			buildPhases = (
				92F9745A22345BE600C3AD04 /* Sources */,
				92F9745B22345BE600C3AD04 /* Frameworks */,
				92F9745C22345BE600C3AD04 /* Resources */,
			);
			buildRules = (
			);
			dependencies = (
				92F9746022345BE600C3AD04 /* PBXTargetDependency */,
			);
			name = ShorelineUITests;
			productName = ShorelineUITests;
			productReference = 92F9745E22345BE600C3AD04 /* ShorelineUITests.xctest */;
			productType = "com.apple.product-type.bundle.ui-testing";
		};
/* End PBXNativeTarget section */

/* Begin PBXProject section */
		92F9743922345BE000C3AD04 /* Project object */ = {
			isa = PBXProject;
			attributes = {
				LastSwiftUpdateCheck = 1010;
				LastUpgradeCheck = 1010;
				ORGANIZATIONNAME = "Koissi Adjorlolo";
				TargetAttributes = {
					92F9744022345BE100C3AD04 = {
						CreatedOnToolsVersion = 10.1;
					};
					92F9745222345BE600C3AD04 = {
						CreatedOnToolsVersion = 10.1;
						TestTargetID = 92F9744022345BE100C3AD04;
					};
					92F9745D22345BE600C3AD04 = {
						CreatedOnToolsVersion = 10.1;
						TestTargetID = 92F9744022345BE100C3AD04;
					};
				};
			};
			buildConfigurationList = 92F9743C22345BE000C3AD04 /* Build configuration list for PBXProject "Shoreline" */;
			compatibilityVersion = "Xcode 9.3";
			developmentRegion = en;
			hasScannedForEncodings = 0;
			knownRegions = (
				en,
				Base,
			);
			mainGroup = 92F9743822345BE000C3AD04;
			productRefGroup = 92F9744222345BE100C3AD04 /* Products */;
			projectDirPath = "";
			projectRoot = "";
			targets = (
				92F9744022345BE100C3AD04 /* Shoreline */,
				92F9745222345BE600C3AD04 /* ShorelineTests */,
				92F9745D22345BE600C3AD04 /* ShorelineUITests */,
			);
		};
/* End PBXProject section */

/* Begin PBXResourcesBuildPhase section */
		92F9743F22345BE100C3AD04 /* Resources */ = {
			isa = PBXResourcesBuildPhase;
			buildActionMask = 2147483647;
			files = (
				92F9744922345BE600C3AD04 /* Assets.xcassets in Resources */,
				92F9744C22345BE600C3AD04 /* Main.storyboard in Resources */,
			);
			runOnlyForDeploymentPostprocessing = 0;
		};
		92F9745122345BE600C3AD04 /* Resources */ = {
			isa = PBXResourcesBuildPhase;
			buildActionMask = 2147483647;
			files = (
			);
			runOnlyForDeploymentPostprocessing = 0;
		};
		92F9745C22345BE600C3AD04 /* Resources */ = {
			isa = PBXResourcesBuildPhase;
			buildActionMask = 2147483647;
			files = (
			);
			runOnlyForDeploymentPostprocessing = 0;
		};
/* End PBXResourcesBuildPhase section */

/* Begin PBXSourcesBuildPhase section */
		92F9743D22345BE100C3AD04 /* Sources */ = {
			isa = PBXSourcesBuildPhase;
			buildActionMask = 2147483647;
			files = (
				92F9744722345BE100C3AD04 /* ViewController.swift in Sources */,
				92F9744522345BE100C3AD04 /* AppDelegate.swift in Sources */,
			);
			runOnlyForDeploymentPostprocessing = 0;
		};
		92F9744F22345BE600C3AD04 /* Sources */ = {
			isa = PBXSourcesBuildPhase;
			buildActionMask = 2147483647;
			files = (
				92F9745822345BE600C3AD04 /* ShorelineTests.swift in Sources */,
			);
			runOnlyForDeploymentPostprocessing = 0;
		};
		92F9745A22345BE600C3AD04 /* Sources */ = {
			isa = PBXSourcesBuildPhase;
			buildActionMask = 2147483647;
			files = (
				92F9746322345BE600C3AD04 /* ShorelineUITests.swift in Sources */,
			);
			runOnlyForDeploymentPostprocessing = 0;
		};
/* End PBXSourcesBuildPhase section */

/* Begin PBXTargetDependency section */
		92F9745522345BE600C3AD04 /* PBXTargetDependency */ = {
			isa = PBXTargetDependency;
			target = 92F9744022345BE100C3AD04 /* Shoreline */;
			targetProxy = 92F9745422345BE600C3AD04 /* PBXContainerItemProxy */;
		};
		92F9746022345BE600C3AD04 /* PBXTargetDependency */ = {
			isa = PBXTargetDependency;
			target = 92F9744022345BE100C3AD04 /* Shoreline */;
			targetProxy = 92F9745F22345BE600C3AD04 /* PBXContainerItemProxy */;
		};
/* End PBXTargetDependency section */

/* Begin PBXVariantGroup section */
		92F9744A22345BE600C3AD04 /* Main.storyboard */ = {
			isa = PBXVariantGroup;
			children = (
				92F9744B22345BE600C3AD04 /* Base */,
			);
			name = Main.storyboard;
			sourceTree = "<group>";
		};
/* End PBXVariantGroup section */

/* Begin XCBuildConfiguration section */
		92F9746522345BE600C3AD04 /* Debug */ = {
			isa = XCBuildConfiguration;
			buildSettings = {
				ALWAYS_SEARCH_USER_PATHS = NO;
				CLANG_ANALYZER_NONNULL = YES;
				CLANG_ANALYZER_NUMBER_OBJECT_CONVERSION = YES_AGGRESSIVE;
				CLANG_CXX_LANGUAGE_STANDARD = "gnu++14";
				CLANG_CXX_LIBRARY = "libc++";
				CLANG_ENABLE_MODULES = YES;
				CLANG_ENABLE_OBJC_ARC = YES;
				CLANG_ENABLE_OBJC_WEAK = YES;
				CLANG_WARN_BLOCK_CAPTURE_AUTORELEASING = YES;
				CLANG_WARN_BOOL_CONVERSION = YES;
				CLANG_WARN_COMMA = YES;
				CLANG_WARN_CONSTANT_CONVERSION = YES;
				CLANG_WARN_DEPRECATED_OBJC_IMPLEMENTATIONS = YES;
				CLANG_WARN_DIRECT_OBJC_ISA_USAGE = YES_ERROR;
				CLANG_WARN_DOCUMENTATION_COMMENTS = YES;
				CLANG_WARN_EMPTY_BODY = YES;
				CLANG_WARN_ENUM_CONVERSION = YES;
				CLANG_WARN_INFINITE_RECURSION = YES;
				CLANG_WARN_INT_CONVERSION = YES;
				CLANG_WARN_NON_LITERAL_NULL_CONVERSION = YES;
				CLANG_WARN_OBJC_IMPLICIT_RETAIN_SELF = YES;
				CLANG_WARN_OBJC_LITERAL_CONVERSION = YES;
				CLANG_WARN_OBJC_ROOT_CLASS = YES_ERROR;
				CLANG_WARN_RANGE_LOOP_ANALYSIS = YES;
				CLANG_WARN_STRICT_PROTOTYPES = YES;
				CLANG_WARN_SUSPICIOUS_MOVE = YES;
				CLANG_WARN_UNGUARDED_AVAILABILITY = YES_AGGRESSIVE;
				CLANG_WARN_UNREACHABLE_CODE = YES;
				CLANG_WARN__DUPLICATE_METHOD_MATCH = YES;
				CODE_SIGN_IDENTITY = "-";
				COPY_PHASE_STRIP = NO;
				DEBUG_INFORMATION_FORMAT = dwarf;
				ENABLE_STRICT_OBJC_MSGSEND = YES;
				ENABLE_TESTABILITY = YES;
				GCC_C_LANGUAGE_STANDARD = gnu11;
				GCC_DYNAMIC_NO_PIC = NO;
				GCC_NO_COMMON_BLOCKS = YES;
				GCC_OPTIMIZATION_LEVEL = 0;
				GCC_PREPROCESSOR_DEFINITIONS = (
					"DEBUG=1",
					"$(inherited)",
				);
				GCC_WARN_64_TO_32_BIT_CONVERSION = YES;
				GCC_WARN_ABOUT_RETURN_TYPE = YES_ERROR;
				GCC_WARN_UNDECLARED_SELECTOR = YES;
				GCC_WARN_UNINITIALIZED_AUTOS = YES_AGGRESSIVE;
				GCC_WARN_UNUSED_FUNCTION = YES;
				GCC_WARN_UNUSED_VARIABLE = YES;
				MACOSX_DEPLOYMENT_TARGET = 10.13;
				MTL_ENABLE_DEBUG_INFO = INCLUDE_SOURCE;
				MTL_FAST_MATH = YES;
				ONLY_ACTIVE_ARCH = YES;
				SDKROOT = macosx;
				SWIFT_ACTIVE_COMPILATION_CONDITIONS = DEBUG;
				SWIFT_OPTIMIZATION_LEVEL = "-Onone";
			};
			name = Debug;
		};
		92F9746622345BE600C3AD04 /* Release */ = {
			isa = XCBuildConfiguration;
			buildSettings = {
				ALWAYS_SEARCH_USER_PATHS = NO;
				CLANG_ANALYZER_NONNULL = YES;
				CLANG_ANALYZER_NUMBER_OBJECT_CONVERSION = YES_AGGRESSIVE;
				CLANG_CXX_LANGUAGE_STANDARD = "gnu++14";
				CLANG_CXX_LIBRARY = "libc++";
				CLANG_ENABLE_MODULES = YES;
				CLANG_ENABLE_OBJC_ARC = YES;
				CLANG_ENABLE_OBJC_WEAK = YES;
				CLANG_WARN_BLOCK_CAPTURE_AUTORELEASING = YES;
				CLANG_WARN_BOOL_CONVERSION = YES;
				CLANG_WARN_COMMA = YES;
				CLANG_WARN_CONSTANT_CONVERSION = YES;
				CLANG_WARN_DEPRECATED_OBJC_IMPLEMENTATIONS = YES;
				CLANG_WARN_DIRECT_OBJC_ISA_USAGE = YES_ERROR;
				CLANG_WARN_DOCUMENTATION_COMMENTS = YES;
				CLANG_WARN_EMPTY_BODY = YES;
				CLANG_WARN_ENUM_CONVERSION = YES;
				CLANG_WARN_INFINITE_RECURSION = YES;
				CLANG_WARN_INT_CONVERSION = YES;
				CLANG_WARN_NON_LITERAL_NULL_CONVERSION = YES;
				CLANG_WARN_OBJC_IMPLICIT_RETAIN_SELF = YES;
				CLANG_WARN_OBJC_LITERAL_CONVERSION = YES;
				CLANG_WARN_OBJC_ROOT_CLASS = YES_ERROR;
				CLANG_WARN_RANGE_LOOP_ANALYSIS = YES;
				CLANG_WARN_STRICT_PROTOTYPES = YES;
				CLANG_WARN_SUSPICIOUS_MOVE = YES;
				CLANG_WARN_UNGUARDED_AVAILABILITY = YES_AGGRESSIVE;
				CLANG_WARN_UNREACHABLE_CODE = YES;
				CLANG_WARN__DUPLICATE_METHOD_MATCH = YES;
				CODE_SIGN_IDENTITY = "-";
				COPY_PHASE_STRIP = NO;
				DEBUG_INFORMATION_FORMAT = "dwarf-with-dsym";
				ENABLE_NS_ASSERTIONS = NO;
				ENABLE_STRICT_OBJC_MSGSEND = YES;
				GCC_C_LANGUAGE_STANDARD = gnu11;
				GCC_NO_COMMON_BLOCKS = YES;
				GCC_WARN_64_TO_32_BIT_CONVERSION = YES;
				GCC_WARN_ABOUT_RETURN_TYPE = YES_ERROR;
				GCC_WARN_UNDECLARED_SELECTOR = YES;
				GCC_WARN_UNINITIALIZED_AUTOS = YES_AGGRESSIVE;
				GCC_WARN_UNUSED_FUNCTION = YES;
				GCC_WARN_UNUSED_VARIABLE = YES;
				MACOSX_DEPLOYMENT_TARGET = 10.13;
				MTL_ENABLE_DEBUG_INFO = NO;
				MTL_FAST_MATH = YES;
				SDKROOT = macosx;
				SWIFT_COMPILATION_MODE = wholemodule;
				SWIFT_OPTIMIZATION_LEVEL = "-O";
			};
			name = Release;
		};
		92F9746822345BE600C3AD04 /* Debug */ = {
			isa = XCBuildConfiguration;
			buildSettings = {
				ASSETCATALOG_COMPILER_APPICON_NAME = AppIcon;
				CODE_SIGN_ENTITLEMENTS = Shoreline/Shoreline.entitlements;
				CODE_SIGN_STYLE = Automatic;
				COMBINE_HIDPI_IMAGES = YES;
				INFOPLIST_FILE = Shoreline/Info.plist;
				LD_RUNPATH_SEARCH_PATHS = (
					"$(inherited)",
					"@executable_path/../Frameworks",
				);
				PRODUCT_BUNDLE_IDENTIFIER = net.koissiadjorlolo.Shoreline;
				PRODUCT_NAME = "$(TARGET_NAME)";
				SWIFT_VERSION = 4.2;
			};
			name = Debug;
		};
		92F9746922345BE600C3AD04 /* Release */ = {
			isa = XCBuildConfiguration;
			buildSettings = {
				ASSETCATALOG_COMPILER_APPICON_NAME = AppIcon;
				CODE_SIGN_ENTITLEMENTS = Shoreline/Shoreline.entitlements;
				CODE_SIGN_STYLE = Automatic;
				COMBINE_HIDPI_IMAGES = YES;
				INFOPLIST_FILE = Shoreline/Info.plist;
				LD_RUNPATH_SEARCH_PATHS = (
					"$(inherited)",
					"@executable_path/../Frameworks",
				);
				PRODUCT_BUNDLE_IDENTIFIER = net.koissiadjorlolo.Shoreline;
				PRODUCT_NAME = "$(TARGET_NAME)";
				SWIFT_VERSION = 4.2;
			};
			name = Release;
		};
		92F9746B22345BE600C3AD04 /* Debug */ = {
			isa = XCBuildConfiguration;
			buildSettings = {
				ALWAYS_EMBED_SWIFT_STANDARD_LIBRARIES = YES;
				BUNDLE_LOADER = "$(TEST_HOST)";
				CODE_SIGN_STYLE = Automatic;
				COMBINE_HIDPI_IMAGES = YES;
				INFOPLIST_FILE = ShorelineTests/Info.plist;
				LD_RUNPATH_SEARCH_PATHS = (
					"$(inherited)",
					"@executable_path/../Frameworks",
					"@loader_path/../Frameworks",
				);
				PRODUCT_BUNDLE_IDENTIFIER = net.koissiadjorlolo.ShorelineTests;
				PRODUCT_NAME = "$(TARGET_NAME)";
				SWIFT_VERSION = 4.2;
				TEST_HOST = "$(BUILT_PRODUCTS_DIR)/Shoreline.app/Contents/MacOS/Shoreline";
			};
			name = Debug;
		};
		92F9746C22345BE600C3AD04 /* Release */ = {
			isa = XCBuildConfiguration;
			buildSettings = {
				ALWAYS_EMBED_SWIFT_STANDARD_LIBRARIES = YES;
				BUNDLE_LOADER = "$(TEST_HOST)";
				CODE_SIGN_STYLE = Automatic;
				COMBINE_HIDPI_IMAGES = YES;
				INFOPLIST_FILE = ShorelineTests/Info.plist;
				LD_RUNPATH_SEARCH_PATHS = (
					"$(inherited)",
					"@executable_path/../Frameworks",
					"@loader_path/../Frameworks",
				);
				PRODUCT_BUNDLE_IDENTIFIER = net.koissiadjorlolo.ShorelineTests;
				PRODUCT_NAME = "$(TARGET_NAME)";
				SWIFT_VERSION = 4.2;
				TEST_HOST = "$(BUILT_PRODUCTS_DIR)/Shoreline.app/Contents/MacOS/Shoreline";
			};
			name = Release;
		};
		92F9746E22345BE600C3AD04 /* Debug */ = {
			isa = XCBuildConfiguration;
			buildSettings = {
				ALWAYS_EMBED_SWIFT_STANDARD_LIBRARIES = YES;
				CODE_SIGN_STYLE = Automatic;
				COMBINE_HIDPI_IMAGES = YES;
				INFOPLIST_FILE = ShorelineUITests/Info.plist;
				LD_RUNPATH_SEARCH_PATHS = (
					"$(inherited)",
					"@executable_path/../Frameworks",
					"@loader_path/../Frameworks",
				);
				PRODUCT_BUNDLE_IDENTIFIER = net.koissiadjorlolo.ShorelineUITests;
				PRODUCT_NAME = "$(TARGET_NAME)";
				SWIFT_VERSION = 4.2;
				TEST_TARGET_NAME = Shoreline;
			};
			name = Debug;
		};
		92F9746F22345BE600C3AD04 /* Release */ = {
			isa = XCBuildConfiguration;
			buildSettings = {
				ALWAYS_EMBED_SWIFT_STANDARD_LIBRARIES = YES;
				CODE_SIGN_STYLE = Automatic;
				COMBINE_HIDPI_IMAGES = YES;
				INFOPLIST_FILE = ShorelineUITests/Info.plist;
				LD_RUNPATH_SEARCH_PATHS = (
					"$(inherited)",
					"@executable_path/../Frameworks",
					"@loader_path/../Frameworks",
				);
				PRODUCT_BUNDLE_IDENTIFIER = net.koissiadjorlolo.ShorelineUITests;
				PRODUCT_NAME = "$(TARGET_NAME)";
				SWIFT_VERSION = 4.2;
				TEST_TARGET_NAME = Shoreline;
			};
			name = Release;
		};
/* End XCBuildConfiguration section */

/* Begin XCConfigurationList section */
		92F9743C22345BE000C3AD04 /* Build configuration list for PBXProject "Shoreline" */ = {
			isa = XCConfigurationList;
			buildConfigurations = (
				92F9746522345BE600C3AD04 /* Debug */,
				92F9746622345BE600C3AD04 /* Release */,
			);
			defaultConfigurationIsVisible = 0;
			defaultConfigurationName = Release;
		};
		92F9746722345BE600C3AD04 /* Build configuration list for PBXNativeTarget "Shoreline" */ = {
			isa = XCConfigurationList;
			buildConfigurations = (
				92F9746822345BE600C3AD04 /* Debug */,
				92F9746922345BE600C3AD04 /* Release */,
			);
			defaultConfigurationIsVisible = 0;
			defaultConfigurationName = Release;
		};
		92F9746A22345BE600C3AD04 /* Build configuration list for PBXNativeTarget "ShorelineTests" */ = {
			isa = XCConfigurationList;
			buildConfigurations = (
				92F9746B22345BE600C3AD04 /* Debug */,
				92F9746C22345BE600C3AD04 /* Release */,
			);
			defaultConfigurationIsVisible = 0;
			defaultConfigurationName = Release;
		};
		92F9746D22345BE600C3AD04 /* Build configuration list for PBXNativeTarget "ShorelineUITests" */ = {
			isa = XCConfigurationList;
			buildConfigurations = (
				92F9746E22345BE600C3AD04 /* Debug */,
				92F9746F22345BE600C3AD04 /* Release */,
			);
			defaultConfigurationIsVisible = 0;
			defaultConfigurationName = Release;
		};
/* End XCConfigurationList section */
	};
	rootObject = 92F9743922345BE000C3AD04 /* Project object */;
}
